
Microsoft Visual Studio Solution File, Format Version 12.00
# Visual Studio Version 17
VisualStudioVersion = 17.11.35327.3
MinimumVisualStudioVersion = 10.0.40219.1
Project("{FAE04EC0-301F-11D3-BF4B-00C04F79EFBC}") = "Project", "Project.csproj", "{A3DDC4FC-8847-4959-811E-4A5B4A3F7C2C}"
EndProject
Project("{FAE04EC0-301F-11D3-BF4B-00C04F79EFBC}") = "Business", "..\Business\Business.csproj", "{E9A13895-D752-4DCE-B460-1C4D6110B4D0}"
EndProject
Project("{FAE04EC0-301F-11D3-BF4B-00C04F79EFBC}") = "DAL", "..\DAL\DAL.csproj", "{99222C0D-BC86-48E6-83EC-F6E3CF0868F9}"
EndProject
Project("{FAE04EC0-301F-11D3-BF4B-00C04F79EFBC}") = "Shared", "..\Shared\Shared.csproj", "{C5DD0E04-883E-48D8-802E-8918CAFD8E0C}"
EndProject
Global
	GlobalSection(SolutionConfigurationPlatforms) = preSolution
		Debug|Any CPU = Debug|Any CPU
		Release|Any CPU = Release|Any CPU
	EndGlobalSection
	GlobalSection(ProjectConfigurationPlatforms) = postSolution
		{A3DDC4FC-8847-4959-811E-4A5B4A3F7C2C}.Debug|Any CPU.ActiveCfg = Debug|Any CPU
		{A3DDC4FC-8847-4959-811E-4A5B4A3F7C2C}.Debug|Any CPU.Build.0 = Debug|Any CPU
		{A3DDC4FC-8847-4959-811E-4A5B4A3F7C2C}.Release|Any CPU.ActiveCfg = Release|Any CPU
		{A3DDC4FC-8847-4959-811E-4A5B4A3F7C2C}.Release|Any CPU.Build.0 = Release|Any CPU
		{E9A13895-D752-4DCE-B460-1C4D6110B4D0}.Debug|Any CPU.ActiveCfg = Debug|Any CPU
		{E9A13895-D752-4DCE-B460-1C4D6110B4D0}.Debug|Any CPU.Build.0 = Debug|Any CPU
		{E9A13895-D752-4DCE-B460-1C4D6110B4D0}.Release|Any CPU.ActiveCfg = Release|Any CPU
		{E9A13895-D752-4DCE-B460-1C4D6110B4D0}.Release|Any CPU.Build.0 = Release|Any CPU
		{99222C0D-BC86-48E6-83EC-F6E3CF0868F9}.Debug|Any CPU.ActiveCfg = Debug|Any CPU
		{99222C0D-BC86-48E6-83EC-F6E3CF0868F9}.Debug|Any CPU.Build.0 = Debug|Any CPU
		{99222C0D-BC86-48E6-83EC-F6E3CF0868F9}.Release|Any CPU.ActiveCfg = Release|Any CPU
		{99222C0D-BC86-48E6-83EC-F6E3CF0868F9}.Release|Any CPU.Build.0 = Release|Any CPU
		{C5DD0E04-883E-48D8-802E-8918CAFD8E0C}.Debug|Any CPU.ActiveCfg = Debug|Any CPU
		{C5DD0E04-883E-48D8-802E-8918CAFD8E0C}.Debug|Any CPU.Build.0 = Debug|Any CPU
		{C5DD0E04-883E-48D8-802E-8918CAFD8E0C}.Release|Any CPU.ActiveCfg = Release|Any CPU
		{C5DD0E04-883E-48D8-802E-8918CAFD8E0C}.Release|Any CPU.Build.0 = Release|Any CPU
	EndGlobalSection
	GlobalSection(SolutionProperties) = preSolution
		HideSolutionNode = FALSE
	EndGlobalSection
	GlobalSection(ExtensibilityGlobals) = postSolution
		SolutionGuid = {87C78CF5-6C13-4F14-AE58-58B96C6905FB}
	EndGlobalSection
EndGlobal
